{
    "_meta": {
        "hash": {
            "sha256": "256a9b82ef73430231f4120aeeaf27ebfa1a38bc37ac80351081b320693a008d"
        },
        "pipfile-spec": 6,
        "requires": {
            "python_version": "3.6"
        },
        "sources": [
            {
                "name": "pypi",
                "url": "https://pypi.python.org/simple",
                "verify_ssl": true
            }
        ]
    },
    "default": {},
    "develop": {
        "gprof2dot": {
            "hashes": [
                "sha256:cebc7aa2782fd813ead415ea1fae3409524343485eadc7fb60ef5bd1e810309e"
            ],
            "index": "pypi",
            "version": "==2017.9.19"
        },
        "psutil": {
            "hashes": [
                "sha256:325c334596ad2d8a178d0e7b4eecc91748096a87489b3701ee16986173000aaa",
                "sha256:33384065f0014351fa70187548e3e95952c4df4bc5c38648bd0e647d21eaaf01",
                "sha256:51e12aa74509832443862373a2655052b20c83cad7322f49d217452500b9a405",
                "sha256:52a91ba928a5e86e0249b4932d6e36972a72d1ad8dcc5b7f753a2ae14825a4ba",
                "sha256:99029b6af386b22882f0b6d537ffed5a9c3d5ff31782974aeaa1d683262d8543",
                "sha256:b10703a109cc9225cd588c207f7f93480a420ade35c13515ea8f20063b42a392",
                "sha256:ddba952ed256151844d82fb13c8fb1019fe11ecaeacbd659d67ba5661ae73d0d",
                "sha256:ebe293be36bb24b95cdefc5131635496e88b17fabbcf1e4bc9b5c01f5e489cfe",
                "sha256:f24cd52bafa06917935fe1b68c5a45593abe1f3097dc35b2dfc4718236795890"
            ],
            "version": "==5.4.5"
        },
        "six": {
            "hashes": [
                "sha256:70e8a77beed4562e7f14fe23a786b54f6296e34344c23bc42f07b15018ff98e9",
                "sha256:832dc0e10feb1aa2c68dcc57dbb658f1c7e65b9b61af69048abc87a2db00a0eb"
            ],
            "version": "==1.11.0"
        },
        "vprof": {
            "hashes": [
                "sha256:da1e3cc60c150f510ce51f73095633900ae97bbfb31eaf1b90735a7b83e9fd68"
            ],
            "index": "pypi",
            "version": "==0.37.4"
        }
    }
}
